version = 1
revision = 3
requires-python = "==3.12.*"
resolution-markers = [
    "platform_machine == 'arm64' and sys_platform == 'darwin'",
]
supported-markers = [
    "platform_machine == 'arm64' and sys_platform == 'darwin'",
]

[[package]]
name = "accelerate"
version = "1.14.0"
source = { registry = "https://pypi.org/simple" }
dependencies = [
    { name = "huggingface-hub", marker = "platform_machine == 'arm64' and sys_platform == 'darwin'" },
    { name = "numpy", marker = "platform_machine == 'arm64' and sys_platform == 'darwin'" },
    { name = "packaging", marker = "platform_machine == 'arm64' and sys_platform == 'darwin'" },
    { name = "psutil", marker = "platform_machine == 'arm64' and sys_platform == 'darwin'" },
    { name = "pyyaml", marker = "platform_machine == 'arm64' and sys_platform == 'darwin'" },
    { name = "safetensors", marker = "platform_machine == 'arm64' and sys_platform == 'darwin'" },
    { name = "torch", marker = "platform_machine == 'arm64' and sys_platform == 'darwin'" },
]
sdist = { url = "https://files.pythonhosted.org/packages/8d/75/94cd5d389649578aca399e5aa822637eec18319a1dadc400ffe2f9a7493f/accelerate-1.14.0.tar.gz", hash = "sha256:41b9c4377a54e0b460a959b0defa1b736e4ca0a2373252d9a539964c2afe3c8d", size = 412167, upload-time = "2026-06-11T13:45:52.326Z" }
wheels = [
    { url = "https://files.pythonhosted.org/packages/a8/db/253133d7e7cb40d3af384bb2f5c0b4a2b7fdcffbc95c688cc67a20a3c103/accelerate-1.14.0-py3-none-any.whl", hash = "sha256:e94390c2863b873be18f623f9df48a0d8fe5eff13ea7f1a00092b0a7904888c6", size = 389246, upload-time = "2026-06-11T13:45:50.477Z" },
]

[[package]]
name = "certifi"
version = "2026.7.22"
source = { registry = "https://pypi.org/simple" }
sdist = { url = "https://files.pythonhosted.org/packages/a3/c2/24167ea9858356b47a87a50d39908bfdb72ceeefe0041586e704e5376b3a/certifi-2026.7.22.tar.gz", hash = "sha256:741e2c3b351ddf169a738da9f2c048608ff7f2c5cc02f1ebc6b118bb090d5d55", size = 138112, upload-time = "2026-07-22T03:35:12.644Z" }
wheels = [
    { url = "https://files.pythonhosted.org/packages/0b/a7/71ac2cff56fec219ed242bb11b8efb69fcc4bec75db06fb7bfe35de520e6/certifi-2026.7.22-py3-none-any.whl", hash = "sha256:62f22742b58a1a33014a2b6b706588a8d7e2a88ae7bd1a6ebe8c992928483775", size = 136983, upload-time = "2026-07-22T03:35:11.276Z" },
]

[[package]]
name = "charset-normalizer"
version = "3.4.9"
source = { registry = "https://pypi.org/simple" }
sdist = { url = "https://files.pythonhosted.org/packages/bd/2a/23f34ec9d04624958e137efdc394888716353190e75f25dd22c7a2c7a8aa/charset_normalizer-3.4.9.tar.gz", hash = "sha256:673611bbd43f0810bec0b0f028ddeaaa501190339cac411f347ac76917c3ae7b", size = 152439, upload-time = "2026-07-07T14:34:58.454Z" }
wheels = [
    { url = "https://files.pythonhosted.org/packages/70/4a/ecbd131485c07fcdfad54e28946d513e3da22ef3b4bd854dcafae54ec739/charset_normalizer-3.4.9-cp312-cp312-macosx_10_13_universal2.whl", hash = "sha256:45b0cc4e3556cd875e09102988d1ab8356c998b596c9fced84547c8138b487a0", size = 319300, upload-time = "2026-07-07T14:33:15.666Z" },
    { url = "https://files.pythonhosted.org/packages/98/2b/f97f1c193fb855c345d678f5077d6926034db0722df74c8f057020e05a25/charset_normalizer-3.4.9-py3-none-any.whl", hash = "sha256:68e5f26a1ad57ded6d1cfb85331d1c1a195314756471d97758c48498bb4dcdf5", size = 64538, upload-time = "2026-07-07T14:34:56.993Z" },
]

[[package]]
name = "click"
version = "8.4.2"
source = { registry = "https://pypi.org/simple" }
sdist = { url = "https://files.pythonhosted.org/packages/76/d4/81420972a676e8ffea40450d8c8c92943e7218a78fe9b64359836cc9876b/click-8.4.2.tar.gz", hash = "sha256:9a6cea6e60b17ebe0a44c5cc636d94f09bd66142c1cd7d8b4cd731c4917a15f6", size = 338000, upload-time = "2026-06-24T17:45:15.148Z" }
wheels = [
    { url = "https://files.pythonhosted.org/packages/fb/e2/79c688af8b210d232694e31e59da9f6ec747bae31c3f5946e4e9b98860d5/click-8.4.2-py3-none-any.whl", hash = "sha256:e6f9f66136c816745b9d65817da91d61d957fb16e02e4dcd0552553c5a197b76", size = 119243, upload-time = "2026-06-24T17:45:13.73Z" },
]

[[package]]
name = "defusedxml"
version = "0.7.1"
source = { registry = "https://pypi.org/simple" }
sdist = { url = "https://files.pythonhosted.org/packages/0f/d5/c66da9b79e5bdb124974bfe172b4daf3c984ebd9c2a06e2b8a4dc7331c72/defusedxml-0.7.1.tar.gz", hash = "sha256:1bb3032db185915b62d7c6209c5a8792be6a32ab2fedacc84e01b52c51aa3e69", size = 75520, upload-time = "2021-03-08T10:59:26.269Z" }
wheels = [
    { url = "https://files.pythonhosted.org/packages/07/6c/aa3f2f849e01cb6a001cd8554a88d4c77c5c1a31c95bdf1cf9301e6d9ef4/defusedxml-0.7.1-py2.py3-none-any.whl", hash = "sha256:a352e7e428770286cc899e2542b6cdaedb2b4953ff269a210103ec58f6198a61", size = 25604, upload-time = "2021-03-08T10:59:24.45Z" },
]

[[package]]
name = "filelock"
version = "3.32.0"
source = { registry = "https://pypi.org/simple" }
sdist = { url = "https://files.pythonhosted.org/packages/c0/80/8232b582c4b318b817cf1274ba74976b07b34d35ef439b3eb948f98645a1/filelock-3.32.0.tar.gz", hash = "sha256:7be2ad23a14607ccc71808e68fe30848aeace7058ace17852f68e2a68e310402", size = 213757, upload-time = "2026-07-21T13:17:42.898Z" }
wheels = [
    { url = "https://files.pythonhosted.org/packages/06/79/b4c714bef36bc4ec2beeae1e0c124f0223888cd8c6feb1cdc56038116920/filelock-3.32.0-py3-none-any.whl", hash = "sha256:d396bea984af47333ef05e50eae7eff88c84256de6112aea0ec48a233c064fe3", size = 97732, upload-time = "2026-07-21T13:17:41.55Z" },
]

[[package]]
name = "fsspec"
version = "2026.6.0"
source = { registry = "https://pypi.org/simple" }
sdist = { url = "https://files.pythonhosted.org/packages/10/a1/ae4e3e5003468d6391d2c77b6fa1cd73bd5d13511d81c642d7b28ac90ed4/fsspec-2026.6.0.tar.gz", hash = "sha256:f5bac145310fe30e16e1471bd6840b2d990d609e872251d7e674241822abf01a", size = 313646, upload-time = "2026-06-16T01:57:28.105Z" }
wheels = [
    { url = "https://files.pythonhosted.org/packages/e5/22/4222d7ddf3da30f363edaa98e329c2bce6c65497c9cb2810931c8b2c0fbc/fsspec-2026.6.0-py3-none-any.whl", hash = "sha256:02e0b71817df9b2169dc30a16832045764def1191b43dcff5bb85bdee212d2a1", size = 203949, upload-time = "2026-06-16T01:57:26.358Z" },
]

[[package]]
name = "hf-xet"
version = "1.5.2"
source = { registry = "https://pypi.org/simple" }
sdist = { url = "https://files.pythonhosted.org/packages/63/39/67be8d71f900d9a55761b6022821d6679fb56c64f1b6063d5af2c2606727/hf_xet-1.5.2.tar.gz", hash = "sha256:73044bd31bae33c984af832d19c752a0dffb67518fee9ddbd91d616e1101cf47", size = 903674, upload-time = "2026-07-16T17:29:56.833Z" }
wheels = [
    { url = "https://files.pythonhosted.org/packages/60/ac/b097a86a1e4a6098f3a79382643ab09d5733d87ccc864877ad1e12b49b70/hf_xet-1.5.2-cp38-abi3-macosx_11_0_arm64.whl", hash = "sha256:045f84440c55cdeb659cf1a1dd48c77bcd0d2e93632e2fea8f2c3bdee79f38ed", size = 3841438, upload-time = "2026-07-16T17:29:45.539Z" },
]

[[package]]
name = "huggingface-hub"
version = "0.36.2"
source = { registry = "https://pypi.org/simple" }
dependencies = [
    { name = "filelock", marker = "platform_machine == 'arm64' and sys_platform == 'darwin'" },
    { name = "fsspec", marker = "platform_machine == 'arm64' and sys_platform == 'darwin'" },
    { name = "hf-xet", marker = "platform_machine == 'arm64' and sys_platform == 'darwin'" },
    { name = "packaging", marker = "platform_machine == 'arm64' and sys_platform == 'darwin'" },
    { name = "pyyaml", marker = "platform_machine == 'arm64' and sys_platform == 'darwin'" },
    { name = "requests", marker = "platform_machine == 'arm64' and sys_platform == 'darwin'" },
    { name = "tqdm", marker = "platform_machine == 'arm64' and sys_platform == 'darwin'" },
    { name = "typing-extensions", marker = "platform_machine == 'arm64' and sys_platform == 'darwin'" },
]
sdist = { url = "https://files.pythonhosted.org/packages/7c/b7/8cb61d2eece5fb05a83271da168186721c450eb74e3c31f7ef3169fa475b/huggingface_hub-0.36.2.tar.gz", hash = "sha256:1934304d2fb224f8afa3b87007d58501acfda9215b334eed53072dd5e815ff7a", size = 649782, upload-time = "2026-02-06T09:24:13.098Z" }
wheels = [
    { url = "https://files.pythonhosted.org/packages/a8/af/48ac8483240de756d2438c380746e7130d1c6f75802ef22f3c6d49982787/huggingface_hub-0.36.2-py3-none-any.whl", hash = "sha256:48f0c8eac16145dfce371e9d2d7772854a4f591bcb56c9cf548accf531d54270", size = 566395, upload-time = "2026-02-06T09:24:11.133Z" },
]

[[package]]
name = "idna"
version = "3.18"
source = { registry = "https://pypi.org/simple" }
sdist = { url = "https://files.pythonhosted.org/packages/cd/63/9496c57188a2ee585e0f1db071d75089a11e98aa86eb99d9d7618fc1edce/idna-3.18.tar.gz", hash = "sha256:ffb385a7e039654cef1ab9ef32c6fafe283c0c0467bba1d9029738ce4a14a848", size = 196711, upload-time = "2026-06-02T14:34:07.794Z" }
wheels = [
    { url = "https://files.pythonhosted.org/packages/1e/5e/d4e9f1a599fb8e573b7b87160658329fbf28d19eac2718f51fc3def3aa5a/idna-3.18-py3-none-any.whl", hash = "sha256:7f952cbe720b688055e3f87de14f5c3e5fdaa8bc3928985c4077ca689de849a2", size = 65455, upload-time = "2026-06-02T14:34:06.319Z" },
]

[[package]]
name = "jinja2"
version = "3.1.6"
source = { registry = "https://pypi.org/simple" }
dependencies = [
    { name = "markupsafe", marker = "platform_machine == 'arm64' and sys_platform == 'darwin'" },
]
sdist = { url = "https://files.pythonhosted.org/packages/df/bf/f7da0350254c0ed7c72f3e33cef02e048281fec7ecec5f032d4aac52226b/jinja2-3.1.6.tar.gz", hash = "sha256:0137fb05990d35f1275a587e9aee6d56da821fc83491a0fb838183be43f66d6d", size = 245115, upload-time = "2025-03-05T20:05:02.478Z" }
wheels = [
    { url = "https://files.pythonhosted.org/packages/62/a1/3d680cbfd5f4b8f15abc1d571870c5fc3e594bb582bc3b64ea099db13e56/jinja2-3.1.6-py3-none-any.whl", hash = "sha256:85ece4451f492d0c13c5dd7c13a64681a86afae63a5f347908daf103ce6d2f67", size = 134899, upload-time = "2025-03-05T20:05:00.369Z" },
]

[[package]]
name = "joblib"
version = "1.5.3"
source = { registry = "https://pypi.org/simple" }
sdist = { url = "https://files.pythonhosted.org/packages/41/f2/d34e8b3a08a9cc79a50b2208a93dce981fe615b64d5a4d4abee421d898df/joblib-1.5.3.tar.gz", hash = "sha256:8561a3269e6801106863fd0d6d84bb737be9e7631e33aaed3fb9ce5953688da3", size = 331603, upload-time = "2025-12-15T08:41:46.427Z" }
wheels = [
    { url = "https://files.pythonhosted.org/packages/7b/91/984aca2ec129e2757d1e4e3c81c3fcda9d0f85b74670a094cc443d9ee949/joblib-1.5.3-py3-none-any.whl", hash = "sha256:5fc3c5039fc5ca8c0276333a188bbd59d6b7ab37fe6632daa76bc7f9ec18e713", size = 309071, upload-time = "2025-12-15T08:41:44.973Z" },
]

[[package]]
name = "markupsafe"
version = "3.0.3"
source = { registry = "https://pypi.org/simple" }
sdist = { url = "https://files.pythonhosted.org/packages/7e/99/7690b6d4034fffd95959cbe0c02de8deb3098cc577c67bb6a24fe5d7caa7/markupsafe-3.0.3.tar.gz", hash = "sha256:722695808f4b6457b320fdc131280796bdceb04ab50fe1795cd540799ebe1698", size = 80313, upload-time = "2025-09-27T18:37:40.426Z" }
wheels = [
    { url = "https://files.pythonhosted.org/packages/9a/81/7e4e08678a1f98521201c3079f77db69fb552acd56067661f8c2f534a718/markupsafe-3.0.3-cp312-cp312-macosx_11_0_arm64.whl", hash = "sha256:1872df69a4de6aead3491198eaf13810b565bdbeec3ae2dc8780f14458ec73ce", size = 12020, upload-time = "2025-09-27T18:36:31.971Z" },
]

[[package]]
name = "moe-hierarchy-lab"
version = "0.1.0"
source = { virtual = "." }
dependencies = [
    { name = "accelerate", marker = "platform_machine == 'arm64' and sys_platform == 'darwin'" },
    { name = "huggingface-hub", marker = "platform_machine == 'arm64' and sys_platform == 'darwin'" },
    { name = "nltk", marker = "platform_machine == 'arm64' and sys_platform == 'darwin'" },
    { name = "numpy", marker = "platform_machine == 'arm64' and sys_platform == 'darwin'" },
    { name = "pyarrow", marker = "platform_machine == 'arm64' and sys_platform == 'darwin'" },
    { name = "pypdf", marker = "platform_machine == 'arm64' and sys_platform == 'darwin'" },
    { name = "safetensors", marker = "platform_machine == 'arm64' and sys_platform == 'darwin'" },
    { name = "scipy", marker = "platform_machine == 'arm64' and sys_platform == 'darwin'" },
    { name = "sentencepiece", marker = "platform_machine == 'arm64' and sys_platform == 'darwin'" },
    { name = "tenacity", marker = "platform_machine == 'arm64' and sys_platform == 'darwin'" },
    { name = "torch", marker = "platform_machine == 'arm64' and sys_platform == 'darwin'" },
    { name = "transformers", marker = "platform_machine == 'arm64' and sys_platform == 'darwin'" },
    { name = "wonderwords", marker = "platform_machine == 'arm64' and sys_platform == 'darwin'" },
]

[package.metadata]
requires-dist = [
    { name = "accelerate", specifier = ">=1.12,<2" },
    { name = "huggingface-hub", specifier = ">=0.36,<2" },
    { name = "nltk", specifier = ">=3.9,<4" },
    { name = "numpy", specifier = ">=2,<3" },
    { name = "pyarrow", specifier = ">=19,<24" },
    { name = "pypdf", specifier = ">=6,<7" },
    { name = "safetensors", specifier = ">=0.7,<1" },
    { name = "scipy", specifier = ">=1.17,<2" },
    { name = "sentencepiece", specifier = ">=0.2,<1" },
    { name = "tenacity", specifier = ">=9,<10" },
    { name = "torch", specifier = "==2.13.0" },
    { name = "transformers", specifier = "==4.57.6" },
    { name = "wonderwords", specifier = ">=3.0,<4" },
]

[[package]]
name = "mpmath"
version = "1.3.0"
source = { registry = "https://pypi.org/simple" }
sdist = { url = "https://files.pythonhosted.org/packages/e0/47/dd32fa426cc72114383ac549964eecb20ecfd886d1e5ccf5340b55b02f57/mpmath-1.3.0.tar.gz", hash = "sha256:7a28eb2a9774d00c7bc92411c19a89209d5da7c4c9a9e227be8330a23a25b91f", size = 508106, upload-time = "2023-03-07T16:47:11.061Z" }
wheels = [
    { url = "https://files.pythonhosted.org/packages/43/e3/7d92a15f894aa0c9c4b49b8ee9ac9850d6e63b03c9c32c0367a13ae62209/mpmath-1.3.0-py3-none-any.whl", hash = "sha256:a0b2b9fe80bbcd81a6647ff13108738cfb482d481d826cc0e02f5b35e5c88d2c", size = 536198, upload-time = "2023-03-07T16:47:09.197Z" },
]

[[package]]
name = "networkx"
version = "3.6.1"
source = { registry = "https://pypi.org/simple" }
sdist = { url = "https://files.pythonhosted.org/packages/6a/51/63fe664f3908c97be9d2e4f1158eb633317598cfa6e1fc14af5383f17512/networkx-3.6.1.tar.gz", hash = "sha256:26b7c357accc0c8cde558ad486283728b65b6a95d85ee1cd66bafab4c8168509", size = 2517025, upload-time = "2025-12-08T17:02:39.908Z" }
wheels = [
    { url = "https://files.pythonhosted.org/packages/9e/c9/b2622292ea83fbb4ec318f5b9ab867d0a28ab43c5717bb85b0a5f6b3b0a4/networkx-3.6.1-py3-none-any.whl", hash = "sha256:d47fbf302e7d9cbbb9e2555a0d267983d2aa476bac30e90dfbe5669bd57f3762", size = 2068504, upload-time = "2025-12-08T17:02:38.159Z" },
]

[[package]]
name = "nltk"
version = "3.10.0"
source = { registry = "https://pypi.org/simple" }
dependencies = [
    { name = "click", marker = "platform_machine == 'arm64' and sys_platform == 'darwin'" },
    { name = "defusedxml", marker = "platform_machine == 'arm64' and sys_platform == 'darwin'" },
    { name = "joblib", marker = "platform_machine == 'arm64' and sys_platform == 'darwin'" },
    { name = "regex", marker = "platform_machine == 'arm64' and sys_platform == 'darwin'" },
    { name = "tqdm", marker = "platform_machine == 'arm64' and sys_platform == 'darwin'" },
]
sdist = { url = "https://files.pythonhosted.org/packages/96/02/df4f105b28a7c16b0e41423bc09cf0f1b8a305df4ef0b10ca74a2e4c648c/nltk-3.10.0.tar.gz", hash = "sha256:4fbac1d98203cbcd1b5d94a2877fb822300072d80604a5e7fae49d2c5f84e8c1", size = 3089244, upload-time = "2026-07-08T02:39:13.562Z" }
wheels = [
    { url = "https://files.pythonhosted.org/packages/6e/89/a0b0f35e2820d6a99d75ea1c11977ee6d5c9e6658eceb45b0c7620881faa/nltk-3.10.0-py3-none-any.whl", hash = "sha256:54ff84d4916d3ef127e8953bee0023f6a6b320b75d634a19e06ef056d3d244bf", size = 1716144, upload-time = "2026-07-08T02:39:09.753Z" },
]

[[package]]
name = "numpy"
version = "2.5.1"
source = { registry = "https://pypi.org/simple" }
sdist = { url = "https://files.pythonhosted.org/packages/22/fd/89965aa4ac08c74998539fcbf24fa3540f3e15237fbeb6bcf9c908f4aade/numpy-2.5.1.tar.gz", hash = "sha256:a48a113e6afea91f5608793bafa7ef2ad481fefbda87ec5069f483de61cb9fa3", size = 20755553, upload-time = "2026-07-04T17:08:00.933Z" }
wheels = [
    { url = "https://files.pythonhosted.org/packages/e1/19/cc5bb2a3f2913d27d6dbb2c78d25921fabaedc6741d4a5a615a11f3c5bf3/numpy-2.5.1-cp312-cp312-macosx_11_0_arm64.whl", hash = "sha256:ab451b59c5643c570974c43aef780703ef1d3b4965d2be07afd530615a9358d1", size = 11772250, upload-time = "2026-07-04T17:06:15.726Z" },
    { url = "https://files.pythonhosted.org/packages/42/77/fdf34a71dd30f54979b18603bee915e0aaf825b07afe79acd60b04b691e2/numpy-2.5.1-cp312-cp312-macosx_14_0_arm64.whl", hash = "sha256:78798bd5b9ad744056af8efa90e3b9ddaa53272a0848a483084a1cc0a13b2dc0", size = 5331516, upload-time = "2026-07-04T17:06:17.913Z" },
]

[[package]]
name = "packaging"
version = "26.2"
source = { registry = "https://pypi.org/simple" }
sdist = { url = "https://files.pythonhosted.org/packages/d7/f1/e7a6dd94a8d4a5626c03e4e99c87f241ba9e350cd9e6d75123f992427270/packaging-26.2.tar.gz", hash = "sha256:ff452ff5a3e828ce110190feff1178bb1f2ea2281fa2075aadb987c2fb221661", size = 228134, upload-time = "2026-04-24T20:15:23.917Z" }
wheels = [
    { url = "https://files.pythonhosted.org/packages/df/b2/87e62e8c3e2f4b32e5fe99e0b86d576da1312593b39f47d8ceef365e95ed/packaging-26.2-py3-none-any.whl", hash = "sha256:5fc45236b9446107ff2415ce77c807cee2862cb6fac22b8a73826d0693b0980e", size = 100195, upload-time = "2026-04-24T20:15:22.081Z" },
]

[[package]]
name = "psutil"
version = "7.2.2"
source = { registry = "https://pypi.org/simple" }
sdist = { url = "https://files.pythonhosted.org/packages/aa/c6/d1ddf4abb55e93cebc4f2ed8b5d6dbad109ecb8d63748dd2b20ab5e57ebe/psutil-7.2.2.tar.gz", hash = "sha256:0746f5f8d406af344fd547f1c8daa5f5c33dbc293bb8d6a16d80b4bb88f59372", size = 493740, upload-time = "2026-01-28T18:14:54.428Z" }
wheels = [
    { url = "https://files.pythonhosted.org/packages/80/c4/f5af4c1ca8c1eeb2e92ccca14ce8effdeec651d5ab6053c589b074eda6e1/psutil-7.2.2-cp36-abi3-macosx_11_0_arm64.whl", hash = "sha256:1a7b04c10f32cc88ab39cbf606e117fd74721c831c98a27dc04578deb0c16979", size = 129859, upload-time = "2026-01-28T18:15:23.795Z" },
]

[[package]]
name = "pyarrow"
version = "23.0.1"
source = { registry = "https://pypi.org/simple" }
sdist = { url = "https://files.pythonhosted.org/packages/88/22/134986a4cc224d593c1afde5494d18ff629393d74cc2eddb176669f234a4/pyarrow-23.0.1.tar.gz", hash = "sha256:b8c5873e33440b2bc2f4a79d2b47017a89c5a24116c055625e6f2ee50523f019", size = 1167336, upload-time = "2026-02-16T10:14:12.39Z" }
wheels = [
    { url = "https://files.pythonhosted.org/packages/9a/4b/4166bb5abbfe6f750fc60ad337c43ecf61340fa52ab386da6e8dbf9e63c4/pyarrow-23.0.1-cp312-cp312-macosx_12_0_arm64.whl", hash = "sha256:f4b0dbfa124c0bb161f8b5ebb40f1a680b70279aa0c9901d44a2b5a20806039f", size = 34214575, upload-time = "2026-02-16T10:09:56.225Z" },
]

[[package]]
name = "pypdf"
version = "6.14.2"
source = { registry = "https://pypi.org/simple" }
sdist = { url = "https://files.pythonhosted.org/packages/03/72/7dfd5ff1c9c37de97a731701f51af091325f123d9d4270361c9c69e4431f/pypdf-6.14.2.tar.gz", hash = "sha256:7873f502fe4385e79539b21d872392dc0c4e3714327c15881cbc7fbfd1f95b25", size = 6491182, upload-time = "2026-06-23T14:18:30.859Z" }
wheels = [
    { url = "https://files.pythonhosted.org/packages/49/e6/136aa8993a2ae7214e0b0ef2edaa0d2e08d1d4e4982635b08a835ff31ec8/pypdf-6.14.2-py3-none-any.whl", hash = "sha256:3f07891af76dc002657e04993ab9b4de81de29f9013b9761d0b7968bff12e946", size = 349514, upload-time = "2026-06-23T14:18:28.867Z" },
]

[[package]]
name = "pyyaml"
version = "6.0.3"
source = { registry = "https://pypi.org/simple" }
sdist = { url = "https://files.pythonhosted.org/packages/05/8e/961c0007c59b8dd7729d542c61a4d537767a59645b82a0b521206e1e25c2/pyyaml-6.0.3.tar.gz", hash = "sha256:d76623373421df22fb4cf8817020cbb7ef15c725b9d5e45f17e189bfc384190f", size = 130960, upload-time = "2025-09-25T21:33:16.546Z" }
wheels = [
    { url = "https://files.pythonhosted.org/packages/89/a0/6cf41a19a1f2f3feab0e9c0b74134aa2ce6849093d5517a0c550fe37a648/pyyaml-6.0.3-cp312-cp312-macosx_11_0_arm64.whl", hash = "sha256:fc09d0aa354569bc501d4e787133afc08552722d3ab34836a80547331bb5d4a0", size = 173973, upload-time = "2025-09-25T21:32:12.492Z" },
]

[[package]]
name = "regex"
version = "2026.7.19"
source = { registry = "https://pypi.org/simple" }
sdist = { url = "https://files.pythonhosted.org/packages/20/98/04b13f1ddfb63158025291c02e03eb42fbb7acb51d091d541050eb4e35e8/regex-2026.7.19.tar.gz", hash = "sha256:7e77b324909c1617cbb4c668677e2c6ae13f44d7c1de0d4f15f2e3c10f3315b5", size = 416440, upload-time = "2026-07-19T00:19:48.923Z" }
wheels = [
    { url = "https://files.pythonhosted.org/packages/3b/b9/d11d7e501ac8fd7d617684423ebb9561e0b998481c1e4cbc0cb212c5d74a/regex-2026.7.19-cp312-cp312-macosx_10_13_universal2.whl", hash = "sha256:2cc3460cedf7579948486eab03bc9ad7089df4d7281c0f47f4afe03e8d13f02d", size = 496778, upload-time = "2026-07-19T00:17:05.677Z" },
    { url = "https://files.pythonhosted.org/packages/b3/63/4cab4d7f2d384a144d420b763d97674cb70619c878ea6fcd7640d0e62143/regex-2026.7.19-cp312-cp312-macosx_11_0_arm64.whl", hash = "sha256:d7da47a0f248977f08e2cb659ff3c17ddc13a4d39b3a7baa0a81bf5b415430f6", size = 292009, upload-time = "2026-07-19T00:17:09.648Z" },
]

[[package]]
name = "requests"
version = "2.34.2"
source = { registry = "https://pypi.org/simple" }
dependencies = [
    { name = "certifi", marker = "platform_machine == 'arm64' and sys_platform == 'darwin'" },
    { name = "charset-normalizer", marker = "platform_machine == 'arm64' and sys_platform == 'darwin'" },
    { name = "idna", marker = "platform_machine == 'arm64' and sys_platform == 'darwin'" },
    { name = "urllib3", marker = "platform_machine == 'arm64' and sys_platform == 'darwin'" },
]
sdist = { url = "https://files.pythonhosted.org/packages/ac/c3/e2a2b89f2d3e2179abd6d00ebd70bff6273f37fb3e0cc209f48b39d00cbf/requests-2.34.2.tar.gz", hash = "sha256:f288924cae4e29463698d6d60bc6a4da69c89185ad1e0bcc4104f584e960b9ed", size = 142856, upload-time = "2026-05-14T19:25:27.735Z" }
wheels = [
    { url = "https://files.pythonhosted.org/packages/a0/f4/c67b0b3f1b9245e8d266f0f112c500d50e5b4e83cb6f3b71b6528104182a/requests-2.34.2-py3-none-any.whl", hash = "sha256:2a0d60c172f83ac6ab31e4554906c0f3b3588d37b5cb939b1c061f4907e278e0", size = 73075, upload-time = "2026-05-14T19:25:26.443Z" },
]

[[package]]
name = "safetensors"
version = "0.8.0"
source = { registry = "https://pypi.org/simple" }
sdist = { url = "https://files.pythonhosted.org/packages/45/06/f955dbbb1859e3bd23c8ac6141af5106e7ad5fedec4a3a6e3d60f94b7001/safetensors-0.8.0.tar.gz", hash = "sha256:fabaf3e0f18a6618d9b36560682562157f77c2b71fcffc7b432be2baed9d753d", size = 325846, upload-time = "2026-06-09T07:52:25.563Z" }
wheels = [
    { url = "https://files.pythonhosted.org/packages/f5/b1/fa7c600e7dceae12e9606c7578cbc9ff1e1ed55844883ee5c92205e86226/safetensors-0.8.0-cp310-abi3-macosx_11_0_arm64.whl", hash = "sha256:c80201d22cbf405b80647a60ada77bba06c8fba2da2743ba1e89cdcc39a81f25", size = 484562, upload-time = "2026-06-09T07:52:17.518Z" },
]

[[package]]
name = "scipy"
version = "1.18.0"
source = { registry = "https://pypi.org/simple" }
dependencies = [
    { name = "numpy", marker = "platform_machine == 'arm64' and sys_platform == 'darwin'" },
]
sdist = { url = "https://files.pythonhosted.org/packages/a7/25/c2700dfaf6442b4effaa91af24ebce5dc9d31bb4a69706313aae70d72cd0/scipy-1.18.0.tar.gz", hash = "sha256:67b2ad2ad54c72ca6d04975a9b2df8c3638c34ddd5b28738e94fc2b57929d378", size = 30774447, upload-time = "2026-06-19T15:01:43.456Z" }
wheels = [
    { url = "https://files.pythonhosted.org/packages/96/72/1e6442a00cd2924d361aa1b642ab6373ec35c6fabf311a760be9f76e0f13/scipy-1.18.0-cp312-cp312-macosx_12_0_arm64.whl", hash = "sha256:265915e79107de9f946b855e50d7470d5893ec3f54b342e1aa6201cbdcd8bb6b", size = 28681889, upload-time = "2026-06-19T14:59:48.103Z" },
    { url = "https://files.pythonhosted.org/packages/9b/2d/11dd93d21e147a73ba22bd75c0b9208d3a2e0ec76d53170ce7d9029b1015/scipy-1.18.0-cp312-cp312-macosx_14_0_arm64.whl", hash = "sha256:9ab7b758be6940954a713ee466e2043e9f6e2ed965c1fce5c91039f4be3d90a9", size = 20423580, upload-time = "2026-06-19T14:59:50.665Z" },
]

[[package]]
name = "sentencepiece"
version = "0.2.2"
source = { registry = "https://pypi.org/simple" }
sdist = { url = "https://files.pythonhosted.org/packages/cc/33/ea3cb3839607eb175da835244a798f797f478c5ddf0e8ecdf57ea85a4c70/sentencepiece-0.2.2.tar.gz", hash = "sha256:3d2b5e824b5622038dc7b490897efe05ebbbb9e7350fc142f3ecc8789ef9bdf6", size = 8218435, upload-time = "2026-07-12T08:39:34.701Z" }
wheels = [
    { url = "https://files.pythonhosted.org/packages/b8/13/7a562289c8d5b49ebdf3f9c1e8ab67cf14a8743b1d90c8f406bfdec36b72/sentencepiece-0.2.2-cp312-cp312-macosx_10_13_universal2.whl", hash = "sha256:1edb10e520e4bddf74d85b0f5ae74cc2d60c2b448885080bfb618bc2b3a49f6b", size = 2188384, upload-time = "2026-07-12T08:38:28.486Z" },
    { url = "https://files.pythonhosted.org/packages/bd/44/caa9cab5f261a019e2808bc5046152775dc57352ba9cbae7525e9e7a1ed4/sentencepiece-0.2.2-cp312-cp312-macosx_11_0_arm64.whl", hash = "sha256:38111ed1f79268f399c505028023d5eaaf0ab4e5eafceb709468b0d3323e7838", size = 1347176, upload-time = "2026-07-12T08:38:32.211Z" },
]

[[package]]
name = "setuptools"
version = "83.0.0"
source = { registry = "https://pypi.org/simple" }
sdist = { url = "https://files.pythonhosted.org/packages/34/26/f5d29e25ffdb535afef2d35cdb55b325298f96debd670da4c325e08d70f4/setuptools-83.0.0.tar.gz", hash = "sha256:025bccbbf0fa05b6192bc64ae1e7b16e001fd6d6d4d5de03c97b1c1ade523bef", size = 1154254, upload-time = "2026-07-04T15:31:22.699Z" }
wheels = [
    { url = "https://files.pythonhosted.org/packages/5d/40/e1e72872c6354b306daef1703549e8e83b4d43cfea356311bf722a043752/setuptools-83.0.0-py3-none-any.whl", hash = "sha256:29b23c360f22f414dc7336bb39178cc7bcbf6021ed2733cde173f09dba19abb3", size = 1008090, upload-time = "2026-07-04T15:31:20.885Z" },
]

[[package]]
name = "sympy"
version = "1.14.0"
source = { registry = "https://pypi.org/simple" }
dependencies = [
    { name = "mpmath", marker = "platform_machine == 'arm64' and sys_platform == 'darwin'" },
]
sdist = { url = "https://files.pythonhosted.org/packages/83/d3/803453b36afefb7c2bb238361cd4ae6125a569b4db67cd9e79846ba2d68c/sympy-1.14.0.tar.gz", hash = "sha256:d3d3fe8df1e5a0b42f0e7bdf50541697dbe7d23746e894990c030e2b05e72517", size = 7793921, upload-time = "2025-04-27T18:05:01.611Z" }
wheels = [
    { url = "https://files.pythonhosted.org/packages/a2/09/77d55d46fd61b4a135c444fc97158ef34a095e5681d0a6c10b75bf356191/sympy-1.14.0-py3-none-any.whl", hash = "sha256:e091cc3e99d2141a0ba2847328f5479b05d94a6635cb96148ccb3f34671bd8f5", size = 6299353, upload-time = "2025-04-27T18:04:59.103Z" },
]

[[package]]
name = "tenacity"
version = "9.1.4"
source = { registry = "https://pypi.org/simple" }
sdist = { url = "https://files.pythonhosted.org/packages/47/c6/ee486fd809e357697ee8a44d3d69222b344920433d3b6666ccd9b374630c/tenacity-9.1.4.tar.gz", hash = "sha256:adb31d4c263f2bd041081ab33b498309a57c77f9acf2db65aadf0898179cf93a", size = 49413, upload-time = "2026-02-07T10:45:33.841Z" }
wheels = [
    { url = "https://files.pythonhosted.org/packages/d7/c1/eb8f9debc45d3b7918a32ab756658a0904732f75e555402972246b0b8e71/tenacity-9.1.4-py3-none-any.whl", hash = "sha256:6095a360c919085f28c6527de529e76a06ad89b23659fa881ae0649b867a9d55", size = 28926, upload-time = "2026-02-07T10:45:32.24Z" },
]

[[package]]
name = "tokenizers"
version = "0.22.2"
source = { registry = "https://pypi.org/simple" }
dependencies = [
    { name = "huggingface-hub", marker = "platform_machine == 'arm64' and sys_platform == 'darwin'" },
]
sdist = { url = "https://files.pythonhosted.org/packages/73/6f/f80cfef4a312e1fb34baf7d85c72d4411afde10978d4657f8cdd811d3ccc/tokenizers-0.22.2.tar.gz", hash = "sha256:473b83b915e547aa366d1eee11806deaf419e17be16310ac0a14077f1e28f917", size = 372115, upload-time = "2026-01-05T10:45:15.988Z" }
wheels = [
    { url = "https://files.pythonhosted.org/packages/2e/47/174dca0502ef88b28f1c9e06b73ce33500eedfac7a7692108aec220464e7/tokenizers-0.22.2-cp39-abi3-macosx_11_0_arm64.whl", hash = "sha256:1e418a55456beedca4621dbab65a318981467a2b188e982a23e117f115ce5001", size = 2981472, upload-time = "2026-01-05T10:41:00.276Z" },
]

[[package]]
name = "torch"
version = "2.13.0"
source = { registry = "https://pypi.org/simple" }
dependencies = [
    { name = "filelock", marker = "platform_machine == 'arm64' and sys_platform == 'darwin'" },
    { name = "fsspec", marker = "platform_machine == 'arm64' and sys_platform == 'darwin'" },
    { name = "jinja2", marker = "platform_machine == 'arm64' and sys_platform == 'darwin'" },
    { name = "networkx", marker = "platform_machine == 'arm64' and sys_platform == 'darwin'" },
    { name = "setuptools", marker = "platform_machine == 'arm64' and sys_platform == 'darwin'" },
    { name = "sympy", marker = "platform_machine == 'arm64' and sys_platform == 'darwin'" },
    { name = "typing-extensions", marker = "platform_machine == 'arm64' and sys_platform == 'darwin'" },
]
wheels = [
    { url = "https://files.pythonhosted.org/packages/c4/3a/ed0f4d4d1dcde03bced7aac9a28e800abcdc0cbd06b6775044c9fbd877b7/torch-2.13.0-cp312-cp312-macosx_14_0_arm64.whl", hash = "sha256:2fe228aba290d14b9f31b049be550dbd469c3fd3013d7a19705b30454da97027", size = 111213045, upload-time = "2026-07-08T16:05:22.997Z" },
]

[[package]]
name = "tqdm"
version = "4.69.1"
source = { registry = "https://pypi.org/simple" }
sdist = { url = "https://files.pythonhosted.org/packages/dd/84/da0e5038228fa34dfd77c5026b173ed035d2a3ba31f1077590c013de2bff/tqdm-4.69.1.tar.gz", hash = "sha256:2be21080a0ce17e902c2f1baeb6a74bf551b67bbdfa4bc0109fad471d0b4cb0d", size = 793046, upload-time = "2026-07-24T14:22:02.08Z" }
wheels = [
    { url = "https://files.pythonhosted.org/packages/01/50/5817619a0fca56aff06383dbfde7ae017b3ca383915b3f1e4713164273cf/tqdm-4.69.1-py3-none-any.whl", hash = "sha256:0a654b96f7a2660cceb615b56f307ec2bef96c515409014a429a561981ab52b4", size = 675452, upload-time = "2026-07-24T14:22:00.048Z" },
]

[[package]]
name = "transformers"
version = "4.57.6"
source = { registry = "https://pypi.org/simple" }
dependencies = [
    { name = "filelock", marker = "platform_machine == 'arm64' and sys_platform == 'darwin'" },
    { name = "huggingface-hub", marker = "platform_machine == 'arm64' and sys_platform == 'darwin'" },
    { name = "numpy", marker = "platform_machine == 'arm64' and sys_platform == 'darwin'" },
    { name = "packaging", marker = "platform_machine == 'arm64' and sys_platform == 'darwin'" },
    { name = "pyyaml", marker = "platform_machine == 'arm64' and sys_platform == 'darwin'" },
    { name = "regex", marker = "platform_machine == 'arm64' and sys_platform == 'darwin'" },
    { name = "requests", marker = "platform_machine == 'arm64' and sys_platform == 'darwin'" },
    { name = "safetensors", marker = "platform_machine == 'arm64' and sys_platform == 'darwin'" },
    { name = "tokenizers", marker = "platform_machine == 'arm64' and sys_platform == 'darwin'" },
    { name = "tqdm", marker = "platform_machine == 'arm64' and sys_platform == 'darwin'" },
]
sdist = { url = "https://files.pythonhosted.org/packages/c4/35/67252acc1b929dc88b6602e8c4a982e64f31e733b804c14bc24b47da35e6/transformers-4.57.6.tar.gz", hash = "sha256:55e44126ece9dc0a291521b7e5492b572e6ef2766338a610b9ab5afbb70689d3", size = 10134912, upload-time = "2026-01-16T10:38:39.284Z" }
wheels = [
    { url = "https://files.pythonhosted.org/packages/03/b8/e484ef633af3887baeeb4b6ad12743363af7cce68ae51e938e00aaa0529d/transformers-4.57.6-py3-none-any.whl", hash = "sha256:4c9e9de11333ddfe5114bc872c9f370509198acf0b87a832a0ab9458e2bd0550", size = 11993498, upload-time = "2026-01-16T10:38:31.289Z" },
]

[[package]]
name = "typing-extensions"
version = "4.16.0"
source = { registry = "https://pypi.org/simple" }
sdist = { url = "https://files.pythonhosted.org/packages/f6/cc/6253133b5bb138fc3306cebfbda2c520f545d36b5be2c7255cc528bb45d6/typing_extensions-4.16.0.tar.gz", hash = "sha256:dc983d19a509c94dba722ee6abd33940f7c05a89e243c47e907eb4db6f1a43e5", size = 113555, upload-time = "2026-07-02T08:40:05.92Z" }
wheels = [
    { url = "https://files.pythonhosted.org/packages/49/d3/b8441a820a491ddfc024b0b0cf0393375b75ea13866d9c66727e54c2fc80/typing_extensions-4.16.0-py3-none-any.whl", hash = "sha256:481caa481374e813c1b176ada14e97f1f67a4539ce9cfeb3f350d78d6370c2e8", size = 45571, upload-time = "2026-07-02T08:40:04.659Z" },
]

[[package]]
name = "urllib3"
version = "2.7.0"
source = { registry = "https://pypi.org/simple" }
sdist = { url = "https://files.pythonhosted.org/packages/53/0c/06f8b233b8fd13b9e5ee11424ef85419ba0d8ba0b3138bf360be2ff56953/urllib3-2.7.0.tar.gz", hash = "sha256:231e0ec3b63ceb14667c67be60f2f2c40a518cb38b03af60abc813da26505f4c", size = 433602, upload-time = "2026-05-07T16:13:18.596Z" }
wheels = [
    { url = "https://files.pythonhosted.org/packages/7f/3e/5db95bcf282c52709639744ca2a8b149baccf648e39c8cc87553df9eae0c/urllib3-2.7.0-py3-none-any.whl", hash = "sha256:9fb4c81ebbb1ce9531cce37674bbc6f1360472bc18ca9a553ede278ef7276897", size = 131087, upload-time = "2026-05-07T16:13:17.151Z" },
]

[[package]]
name = "wonderwords"
version = "3.0.1"
source = { registry = "https://pypi.org/simple" }
sdist = { url = "https://files.pythonhosted.org/packages/ff/23/e144fc3dfabb845dc1d94c45315d97b308cf75a664e3db3a89aeb1cb505d/wonderwords-3.0.1.tar.gz", hash = "sha256:5ee43ab6f13823a857a7c3d58c7b4db6a1350bd3aa5f914ed379ad49042a1c36", size = 73339, upload-time = "2025-10-30T17:30:44.231Z" }
wheels = [
    { url = "https://files.pythonhosted.org/packages/a4/75/855c2062d28b8e9247939f8262fb2f4ff3b12a49e4bab9fd1ba16cc5df82/wonderwords-3.0.1-py3-none-any.whl", hash = "sha256:4dd66deb6a76ca9e0b0422d1d3e111f9b910d7c16922d42de733ee8def98f8d0", size = 51658, upload-time = "2025-10-30T17:30:42.785Z" },
]
